
Microsoft Visual Studio Solution File, Format Version 12.00
# Visual Studio 2013
VisualStudioVersion = 12.0.31101.0
MinimumVisualStudioVersion = 10.0.40219.1
Project("{A81B4A23-AF18-4B01-8944-84D6FB3D4B47}") = "iot-helper", "iot-helper\iot-helper.iceproj", "{B8C76F3B-FF8D-4519-9A82-F51AFFB51443}"
EndProject
Global
	GlobalSection(SolutionConfigurationPlatforms) = preSolution
		Debug|Any CPU = Debug|Any CPU
		Release|Any CPU = Release|Any CPU
	EndGlobalSection
	GlobalSection(ProjectConfigurationPlatforms) = postSolution
		{B8C76F3B-FF8D-4519-9A82-F51AFFB51443}.Debug|Any CPU.ActiveCfg = Debug|Any CPU
		{B8C76F3B-FF8D-4519-9A82-F51AFFB51443}.Debug|Any CPU.Build.0 = Debug|Any CPU
		{B8C76F3B-FF8D-4519-9A82-F51AFFB51443}.Release|Any CPU.ActiveCfg = Release|Any CPU
		{B8C76F3B-FF8D-4519-9A82-F51AFFB51443}.Release|Any CPU.Build.0 = Release|Any CPU
	EndGlobalSection
	GlobalSection(SolutionProperties) = preSolution
		HideSolutionNode = FALSE
	EndGlobalSection
EndGlobal
